
Microsoft Visual Studio Solution File, Format Version 12.00
# Visual Studio 14
VisualStudioVersion = 14.0.23107.0
MinimumVisualStudioVersion = 10.0.40219.1
Project("{FAE04EC0-301F-11D3-BF4B-00C04F79EFBC}") = "BlobTrial", "BlobTrial\BlobTrial.csproj", "{B79A5E33-DECC-4BA5-A034-4F84023571FB}"
EndProject
Project("{2150E333-8FDC-42A3-9474-1A3956D46DE8}") = "Music", "Music", "{7D1CBB93-A9ED-4B5C-A444-CC1FF299562F}"
	ProjectSection(SolutionItems) = preProject
		..\..\..\..\Downloads\Empire.mp3 = ..\..\..\..\Downloads\Empire.mp3
	EndProjectSection
EndProject
Global
	GlobalSection(SolutionConfigurationPlatforms) = preSolution
		Debug|Any CPU = Debug|Any CPU
		Release|Any CPU = Release|Any CPU
	EndGlobalSection
	GlobalSection(ProjectConfigurationPlatforms) = postSolution
		{B79A5E33-DECC-4BA5-A034-4F84023571FB}.Debug|Any CPU.ActiveCfg = Debug|Any CPU
		{B79A5E33-DECC-4BA5-A034-4F84023571FB}.Debug|Any CPU.Build.0 = Debug|Any CPU
		{B79A5E33-DECC-4BA5-A034-4F84023571FB}.Release|Any CPU.ActiveCfg = Release|Any CPU
		{B79A5E33-DECC-4BA5-A034-4F84023571FB}.Release|Any CPU.Build.0 = Release|Any CPU
	EndGlobalSection
	GlobalSection(SolutionProperties) = preSolution
		HideSolutionNode = FALSE
	EndGlobalSection
EndGlobal
